{
  "requires": true,
  "lockfileVersion": 1,
  "dependencies": {
    "correlation-coefficient-r": {
      "version": "1.0.0",
      "resolved": "https://registry.npmjs.org/correlation-coefficient-r/-/correlation-coefficient-r-1.0.0.tgz",
      "integrity": "sha512-q6nDV0KlQ/RPqncRYbG+2DW9eiARrA6SXlkq6sLluPRcBcugLqiTO+DyDeXW/gdmNrnwBic1sfptsJiG8DxQaQ==",
      "requires": {
        "math-standard-deviation": "1.0.1"
      }
    },
    "math-standard-deviation": {
      "version": "1.0.1",
      "resolved": "https://registry.npmjs.org/math-standard-deviation/-/math-standard-deviation-1.0.1.tgz",
      "integrity": "sha512-t9fugSSrlz6VVYg5EJDeqNkNjaNIBFWrGEdykkoT3iOfXn1t6Y63j6YVwFQAbyT9rJQf7royquyY/Rz/Od9SyA=="
    },
    "simple-linear-regression": {
      "version": "1.0.3",
      "resolved": "https://registry.npmjs.org/simple-linear-regression/-/simple-linear-regression-1.0.3.tgz",
      "integrity": "sha512-sEfJPNevHaHSSVhjTaJNsUPyUNVqNfRqY6pv4qlUKZ5mgXVbiKTFLCbGiy9wjbEYhvFmWI06ALcCP/LrEkQUpw==",
      "requires": {
        "correlation-coefficient-r": "1.0.0",
        "math-standard-deviation": "1.0.1"
      }
    }
  }
}
